// !$*UTF8*$!
{
	archiveVersion = 1;
	classes = {
	};
	objectVersion = 46;
	objects = {

/* Begin PBXBuildFile section */
		DC6478411B8DBD2D0031A5C9 /* main.m in Sources */ = {isa = PBXBuildFile; fileRef = DC6478401B8DBD2D0031A5C9 /* main.m */; };
		DC6478441B8DBD2D0031A5C9 /* AppDelegate.m in Sources */ = {isa = PBXBuildFile; fileRef = DC6478431B8DBD2D0031A5C9 /* AppDelegate.m */; };
		DC6478471B8DBD2D0031A5C9 /* ViewController.m in Sources */ = {isa = PBXBuildFile; fileRef = DC6478461B8DBD2D0031A5C9 /* ViewController.m */; };
		DC64784A1B8DBD2D0031A5C9 /* Main.storyboard in Resources */ = {isa = PBXBuildFile; fileRef = DC6478481B8DBD2D0031A5C9 /* Main.storyboard */; };
		DC64784C1B8DBD2D0031A5C9 /* Images.xcassets in Resources */ = {isa = PBXBuildFile; fileRef = DC64784B1B8DBD2D0031A5C9 /* Images.xcassets */; };
		DC64784F1B8DBD2D0031A5C9 /* LaunchScreen.xib in Resources */ = {isa = PBXBuildFile; fileRef = DC64784D1B8DBD2D0031A5C9 /* LaunchScreen.xib */; };
		DC64785B1B8DBD2D0031A5C9 /* GaoDeMapTests.m in Sources */ = {isa = PBXBuildFile; fileRef = DC64785A1B8DBD2D0031A5C9 /* GaoDeMapTests.m */; };
		DC6478651B8DBF0B0031A5C9 /* MAMapKit.framework in Frameworks */ = {isa = PBXBuildFile; fileRef = DC6478641B8DBF0B0031A5C9 /* MAMapKit.framework */; };
		DC6478691B8DBF910031A5C9 /* AMap.bundle in Resources */ = {isa = PBXBuildFile; fileRef = DC6478681B8DBF910031A5C9 /* AMap.bundle */; };
		DC64786B1B8DBFAA0031A5C9 /* UIKit.framework in Frameworks */ = {isa = PBXBuildFile; fileRef = DC64786A1B8DBFAA0031A5C9 /* UIKit.framework */; };
		DC64786D1B8DBFB00031A5C9 /* Foundation.framework in Frameworks */ = {isa = PBXBuildFile; fileRef = DC64786C1B8DBFB00031A5C9 /* Foundation.framework */; };
		DC64786F1B8DBFB70031A5C9 /* CoreGraphics.framework in Frameworks */ = {isa = PBXBuildFile; fileRef = DC64786E1B8DBFB70031A5C9 /* CoreGraphics.framework */; };
		DC6478711B8DBFBC0031A5C9 /* QuartzCore.framework in Frameworks */ = {isa = PBXBuildFile; fileRef = DC6478701B8DBFBC0031A5C9 /* QuartzCore.framework */; };
		DC6478731B8DBFC20031A5C9 /* OpenGLES.framework in Frameworks */ = {isa = PBXBuildFile; fileRef = DC6478721B8DBFC20031A5C9 /* OpenGLES.framework */; };
		DC6478751B8DBFC70031A5C9 /* CoreLocation.framework in Frameworks */ = {isa = PBXBuildFile; fileRef = DC6478741B8DBFC70031A5C9 /* CoreLocation.framework */; };
		DC6478771B8DBFD00031A5C9 /* CoreTelephony.framework in Frameworks */ = {isa = PBXBuildFile; fileRef = DC6478761B8DBFD00031A5C9 /* CoreTelephony.framework */; };
		DC6478791B8DBFDB0031A5C9 /* SystemConfiguration.framework in Frameworks */ = {isa = PBXBuildFile; fileRef = DC6478781B8DBFDB0031A5C9 /* SystemConfiguration.framework */; };
		DC64787B1B8DBFE20031A5C9 /* libz.dylib in Frameworks */ = {isa = PBXBuildFile; fileRef = DC64787A1B8DBFE20031A5C9 /* libz.dylib */; };
		DC64787D1B8DBFEC0031A5C9 /* libstdc++.6.0.9.dylib in Frameworks */ = {isa = PBXBuildFile; fileRef = DC64787C1B8DBFEC0031A5C9 /* libstdc++.6.0.9.dylib */; };
		DC64787F1B8DBFF30031A5C9 /* Security.framework in Frameworks */ = {isa = PBXBuildFile; fileRef = DC64787E1B8DBFF30031A5C9 /* Security.framework */; };
		DC6478821B8E9B890031A5C9 /* AMapSearchKit.framework in Frameworks */ = {isa = PBXBuildFile; fileRef = DC6478811B8E9B890031A5C9 /* AMapSearchKit.framework */; };
		DC6478871B8EAEEC0031A5C9 /* MapAroundPlaceApi.m in Sources */ = {isa = PBXBuildFile; fileRef = DC6478861B8EAEEC0031A5C9 /* MapAroundPlaceApi.m */; };
		DC64788D1B8EBAD50031A5C9 /* AroundPlacesViewController.m in Sources */ = {isa = PBXBuildFile; fileRef = DC64788C1B8EBAD50031A5C9 /* AroundPlacesViewController.m */; };
		DC64788F1B8EC5450031A5C9 /* search-icon@2x.png in Resources */ = {isa = PBXBuildFile; fileRef = DC64788E1B8EC5450031A5C9 /* search-icon@2x.png */; };
		DC6478931B8EDEBD0031A5C9 /* UIColor+Util.m in Sources */ = {isa = PBXBuildFile; fileRef = DC6478921B8EDEBD0031A5C9 /* UIColor+Util.m */; };
		DC64789A1B9404860031A5C9 /* Localizable.strings in Resources */ = {isa = PBXBuildFile; fileRef = DC6478991B9404860031A5C9 /* Localizable.strings */; };
/* End PBXBuildFile section */

/* Begin PBXContainerItemProxy section */
		DC6478551B8DBD2D0031A5C9 /* PBXContainerItemProxy */ = {
			isa = PBXContainerItemProxy;
			containerPortal = DC6478331B8DBD2C0031A5C9 /* Project object */;
			proxyType = 1;
			remoteGlobalIDString = DC64783A1B8DBD2C0031A5C9;
			remoteInfo = GaoDeMap;
		};
/* End PBXContainerItemProxy section */

/* Begin PBXFileReference section */
		DC64783B1B8DBD2D0031A5C9 /* GaoDeMap.app */ = {isa = PBXFileReference; explicitFileType = wrapper.application; includeInIndex = 0; path = GaoDeMap.app; sourceTree = BUILT_PRODUCTS_DIR; };
		DC64783F1B8DBD2D0031A5C9 /* Info.plist */ = {isa = PBXFileReference; lastKnownFileType = text.plist.xml; path = Info.plist; sourceTree = "<group>"; };
		DC6478401B8DBD2D0031A5C9 /* main.m */ = {isa = PBXFileReference; lastKnownFileType = sourcecode.c.objc; path = main.m; sourceTree = "<group>"; };
		DC6478421B8DBD2D0031A5C9 /* AppDelegate.h */ = {isa = PBXFileReference; lastKnownFileType = sourcecode.c.h; path = AppDelegate.h; sourceTree = "<group>"; };
		DC6478431B8DBD2D0031A5C9 /* AppDelegate.m */ = {isa = PBXFileReference; lastKnownFileType = sourcecode.c.objc; path = AppDelegate.m; sourceTree = "<group>"; };
		DC6478451B8DBD2D0031A5C9 /* ViewController.h */ = {isa = PBXFileReference; lastKnownFileType = sourcecode.c.h; path = ViewController.h; sourceTree = "<group>"; };
		DC6478461B8DBD2D0031A5C9 /* ViewController.m */ = {isa = PBXFileReference; lastKnownFileType = sourcecode.c.objc; path = ViewController.m; sourceTree = "<group>"; };
		DC6478491B8DBD2D0031A5C9 /* Base */ = {isa = PBXFileReference; lastKnownFileType = file.storyboard; name = Base; path = Base.lproj/Main.storyboard; sourceTree = "<group>"; };
		DC64784B1B8DBD2D0031A5C9 /* Images.xcassets */ = {isa = PBXFileReference; lastKnownFileType = folder.assetcatalog; path = Images.xcassets; sourceTree = "<group>"; };
		DC64784E1B8DBD2D0031A5C9 /* Base */ = {isa = PBXFileReference; lastKnownFileType = file.xib; name = Base; path = Base.lproj/LaunchScreen.xib; sourceTree = "<group>"; };
		DC6478541B8DBD2D0031A5C9 /* GaoDeMapTests.xctest */ = {isa = PBXFileReference; explicitFileType = wrapper.cfbundle; includeInIndex = 0; path = GaoDeMapTests.xctest; sourceTree = BUILT_PRODUCTS_DIR; };
		DC6478591B8DBD2D0031A5C9 /* Info.plist */ = {isa = PBXFileReference; lastKnownFileType = text.plist.xml; path = Info.plist; sourceTree = "<group>"; };
		DC64785A1B8DBD2D0031A5C9 /* GaoDeMapTests.m */ = {isa = PBXFileReference; lastKnownFileType = sourcecode.c.objc; path = GaoDeMapTests.m; sourceTree = "<group>"; };
		DC6478641B8DBF0B0031A5C9 /* MAMapKit.framework */ = {isa = PBXFileReference; lastKnownFileType = wrapper.framework; name = MAMapKit.framework; path = ../../../Downloads/MAMapKit.framework; sourceTree = "<group>"; };
		DC6478681B8DBF910031A5C9 /* AMap.bundle */ = {isa = PBXFileReference; lastKnownFileType = "wrapper.plug-in"; path = AMap.bundle; sourceTree = "<group>"; };
		DC64786A1B8DBFAA0031A5C9 /* UIKit.framework */ = {isa = PBXFileReference; lastKnownFileType = wrapper.framework; name = UIKit.framework; path = System/Library/Frameworks/UIKit.framework; sourceTree = SDKROOT; };
		DC64786C1B8DBFB00031A5C9 /* Foundation.framework */ = {isa = PBXFileReference; lastKnownFileType = wrapper.framework; name = Foundation.framework; path = System/Library/Frameworks/Foundation.framework; sourceTree = SDKROOT; };
		DC64786E1B8DBFB70031A5C9 /* CoreGraphics.framework */ = {isa = PBXFileReference; lastKnownFileType = wrapper.framework; name = CoreGraphics.framework; path = System/Library/Frameworks/CoreGraphics.framework; sourceTree = SDKROOT; };
		DC6478701B8DBFBC0031A5C9 /* QuartzCore.framework */ = {isa = PBXFileReference; lastKnownFileType = wrapper.framework; name = QuartzCore.framework; path = System/Library/Frameworks/QuartzCore.framework; sourceTree = SDKROOT; };
		DC6478721B8DBFC20031A5C9 /* OpenGLES.framework */ = {isa = PBXFileReference; lastKnownFileType = wrapper.framework; name = OpenGLES.framework; path = System/Library/Frameworks/OpenGLES.framework; sourceTree = SDKROOT; };
		DC6478741B8DBFC70031A5C9 /* CoreLocation.framework */ = {isa = PBXFileReference; lastKnownFileType = wrapper.framework; name = CoreLocation.framework; path = System/Library/Frameworks/CoreLocation.framework; sourceTree = SDKROOT; };
		DC6478761B8DBFD00031A5C9 /* CoreTelephony.framework */ = {isa = PBXFileReference; lastKnownFileType = wrapper.framework; name = CoreTelephony.framework; path = System/Library/Frameworks/CoreTelephony.framework; sourceTree = SDKROOT; };
		DC6478781B8DBFDB0031A5C9 /* SystemConfiguration.framework */ = {isa = PBXFileReference; lastKnownFileType = wrapper.framework; name = SystemConfiguration.framework; path = System/Library/Frameworks/SystemConfiguration.framework; sourceTree = SDKROOT; };
		DC64787A1B8DBFE20031A5C9 /* libz.dylib */ = {isa = PBXFileReference; lastKnownFileType = "compiled.mach-o.dylib"; name = libz.dylib; path = usr/lib/libz.dylib; sourceTree = SDKROOT; };
		DC64787C1B8DBFEC0031A5C9 /* libstdc++.6.0.9.dylib */ = {isa = PBXFileReference; lastKnownFileType = "compiled.mach-o.dylib"; name = "libstdc++.6.0.9.dylib"; path = "usr/lib/libstdc++.6.0.9.dylib"; sourceTree = SDKROOT; };
		DC64787E1B8DBFF30031A5C9 /* Security.framework */ = {isa = PBXFileReference; lastKnownFileType = wrapper.framework; name = Security.framework; path = System/Library/Frameworks/Security.framework; sourceTree = SDKROOT; };
		DC6478811B8E9B890031A5C9 /* AMapSearchKit.framework */ = {isa = PBXFileReference; lastKnownFileType = wrapper.framework; name = AMapSearchKit.framework; path = ../../../Downloads/AMapSearchKit.framework; sourceTree = "<group>"; };
		DC6478851B8EAEEC0031A5C9 /* MapAroundPlaceApi.h */ = {isa = PBXFileReference; fileEncoding = 4; lastKnownFileType = sourcecode.c.h; path = MapAroundPlaceApi.h; sourceTree = "<group>"; };
		DC6478861B8EAEEC0031A5C9 /* MapAroundPlaceApi.m */ = {isa = PBXFileReference; fileEncoding = 4; lastKnownFileType = sourcecode.c.objc; path = MapAroundPlaceApi.m; sourceTree = "<group>"; };
		DC64788B1B8EBAD50031A5C9 /* AroundPlacesViewController.h */ = {isa = PBXFileReference; fileEncoding = 4; lastKnownFileType = sourcecode.c.h; path = AroundPlacesViewController.h; sourceTree = "<group>"; };
		DC64788C1B8EBAD50031A5C9 /* AroundPlacesViewController.m */ = {isa = PBXFileReference; fileEncoding = 4; lastKnownFileType = sourcecode.c.objc; path = AroundPlacesViewController.m; sourceTree = "<group>"; };
		DC64788E1B8EC5450031A5C9 /* search-icon@2x.png */ = {isa = PBXFileReference; lastKnownFileType = image.png; path = "search-icon@2x.png"; sourceTree = "<group>"; };
		DC6478911B8EDEBD0031A5C9 /* UIColor+Util.h */ = {isa = PBXFileReference; fileEncoding = 4; lastKnownFileType = sourcecode.c.h; path = "UIColor+Util.h"; sourceTree = "<group>"; };
		DC6478921B8EDEBD0031A5C9 /* UIColor+Util.m */ = {isa = PBXFileReference; fileEncoding = 4; lastKnownFileType = sourcecode.c.objc; path = "UIColor+Util.m"; sourceTree = "<group>"; };
		DC6478991B9404860031A5C9 /* Localizable.strings */ = {isa = PBXFileReference; fileEncoding = 4; lastKnownFileType = text.plist.strings; path = Localizable.strings; sourceTree = "<group>"; };
/* End PBXFileReference section */

/* Begin PBXFrameworksBuildPhase section */
		DC6478381B8DBD2C0031A5C9 /* Frameworks */ = {
			isa = PBXFrameworksBuildPhase;
			buildActionMask = 2147483647;
			files = (
				DC6478821B8E9B890031A5C9 /* AMapSearchKit.framework in Frameworks */,
				DC64787F1B8DBFF30031A5C9 /* Security.framework in Frameworks */,
				DC64787D1B8DBFEC0031A5C9 /* libstdc++.6.0.9.dylib in Frameworks */,
				DC64787B1B8DBFE20031A5C9 /* libz.dylib in Frameworks */,
				DC6478791B8DBFDB0031A5C9 /* SystemConfiguration.framework in Frameworks */,
				DC6478771B8DBFD00031A5C9 /* CoreTelephony.framework in Frameworks */,
				DC6478751B8DBFC70031A5C9 /* CoreLocation.framework in Frameworks */,
				DC6478731B8DBFC20031A5C9 /* OpenGLES.framework in Frameworks */,
				DC6478711B8DBFBC0031A5C9 /* QuartzCore.framework in Frameworks */,
				DC64786F1B8DBFB70031A5C9 /* CoreGraphics.framework in Frameworks */,
				DC64786D1B8DBFB00031A5C9 /* Foundation.framework in Frameworks */,
				DC64786B1B8DBFAA0031A5C9 /* UIKit.framework in Frameworks */,
				DC6478651B8DBF0B0031A5C9 /* MAMapKit.framework in Frameworks */,
			);
			runOnlyForDeploymentPostprocessing = 0;
		};
		DC6478511B8DBD2D0031A5C9 /* Frameworks */ = {
			isa = PBXFrameworksBuildPhase;
			buildActionMask = 2147483647;
			files = (
			);
			runOnlyForDeploymentPostprocessing = 0;
		};
/* End PBXFrameworksBuildPhase section */

/* Begin PBXGroup section */
		DC6478321B8DBD2C0031A5C9 = {
			isa = PBXGroup;
			children = (
				DC64783D1B8DBD2D0031A5C9 /* GaoDeMap */,
				DC6478801B8E9B320031A5C9 /* FrameWork */,
				DC6478571B8DBD2D0031A5C9 /* GaoDeMapTests */,
				DC64783C1B8DBD2D0031A5C9 /* Products */,
			);
			sourceTree = "<group>";
		};
		DC64783C1B8DBD2D0031A5C9 /* Products */ = {
			isa = PBXGroup;
			children = (
				DC64783B1B8DBD2D0031A5C9 /* GaoDeMap.app */,
				DC6478541B8DBD2D0031A5C9 /* GaoDeMapTests.xctest */,
			);
			name = Products;
			sourceTree = "<group>";
		};
		DC64783D1B8DBD2D0031A5C9 /* GaoDeMap */ = {
			isa = PBXGroup;
			children = (
				DC6478991B9404860031A5C9 /* Localizable.strings */,
				DC6478911B8EDEBD0031A5C9 /* UIColor+Util.h */,
				DC6478921B8EDEBD0031A5C9 /* UIColor+Util.m */,
				DC6478901B8EC5490031A5C9 /* Resource */,
				DC6478421B8DBD2D0031A5C9 /* AppDelegate.h */,
				DC6478431B8DBD2D0031A5C9 /* AppDelegate.m */,
				DC6478451B8DBD2D0031A5C9 /* ViewController.h */,
				DC6478461B8DBD2D0031A5C9 /* ViewController.m */,
				DC6478481B8DBD2D0031A5C9 /* Main.storyboard */,
				DC64784B1B8DBD2D0031A5C9 /* Images.xcassets */,
				DC64784D1B8DBD2D0031A5C9 /* LaunchScreen.xib */,
				DC64783E1B8DBD2D0031A5C9 /* Supporting Files */,
				DC6478851B8EAEEC0031A5C9 /* MapAroundPlaceApi.h */,
				DC6478861B8EAEEC0031A5C9 /* MapAroundPlaceApi.m */,
				DC64788B1B8EBAD50031A5C9 /* AroundPlacesViewController.h */,
				DC64788C1B8EBAD50031A5C9 /* AroundPlacesViewController.m */,
			);
			path = GaoDeMap;
			sourceTree = "<group>";
		};
		DC64783E1B8DBD2D0031A5C9 /* Supporting Files */ = {
			isa = PBXGroup;
			children = (
				DC64783F1B8DBD2D0031A5C9 /* Info.plist */,
				DC6478401B8DBD2D0031A5C9 /* main.m */,
			);
			name = "Supporting Files";
			sourceTree = "<group>";
		};
		DC6478571B8DBD2D0031A5C9 /* GaoDeMapTests */ = {
			isa = PBXGroup;
			children = (
				DC64785A1B8DBD2D0031A5C9 /* GaoDeMapTests.m */,
				DC6478581B8DBD2D0031A5C9 /* Supporting Files */,
			);
			path = GaoDeMapTests;
			sourceTree = "<group>";
		};
		DC6478581B8DBD2D0031A5C9 /* Supporting Files */ = {
			isa = PBXGroup;
			children = (
				DC6478591B8DBD2D0031A5C9 /* Info.plist */,
			);
			name = "Supporting Files";
			sourceTree = "<group>";
		};
		DC6478801B8E9B320031A5C9 /* FrameWork */ = {
			isa = PBXGroup;
			children = (
				DC6478811B8E9B890031A5C9 /* AMapSearchKit.framework */,
				DC6478641B8DBF0B0031A5C9 /* MAMapKit.framework */,
				DC64787E1B8DBFF30031A5C9 /* Security.framework */,
				DC64787C1B8DBFEC0031A5C9 /* libstdc++.6.0.9.dylib */,
				DC64787A1B8DBFE20031A5C9 /* libz.dylib */,
				DC6478781B8DBFDB0031A5C9 /* SystemConfiguration.framework */,
				DC6478761B8DBFD00031A5C9 /* CoreTelephony.framework */,
				DC6478741B8DBFC70031A5C9 /* CoreLocation.framework */,
				DC6478721B8DBFC20031A5C9 /* OpenGLES.framework */,
				DC6478701B8DBFBC0031A5C9 /* QuartzCore.framework */,
				DC64786E1B8DBFB70031A5C9 /* CoreGraphics.framework */,
				DC64786C1B8DBFB00031A5C9 /* Foundation.framework */,
				DC64786A1B8DBFAA0031A5C9 /* UIKit.framework */,
				DC6478681B8DBF910031A5C9 /* AMap.bundle */,
			);
			name = FrameWork;
			sourceTree = "<group>";
		};
		DC6478901B8EC5490031A5C9 /* Resource */ = {
			isa = PBXGroup;
			children = (
				DC64788E1B8EC5450031A5C9 /* search-icon@2x.png */,
			);
			name = Resource;
			sourceTree = "<group>";
		};
/* End PBXGroup section */

/* Begin PBXNativeTarget section */
		DC64783A1B8DBD2C0031A5C9 /* GaoDeMap */ = {
			isa = PBXNativeTarget;
			buildConfigurationList = DC64785E1B8DBD2D0031A5C9 /* Build configuration list for PBXNativeTarget "GaoDeMap" */;
			buildPhases = (
				DC6478371B8DBD2C0031A5C9 /* Sources */,
				DC6478381B8DBD2C0031A5C9 /* Frameworks */,
				DC6478391B8DBD2C0031A5C9 /* Resources */,
			);
			buildRules = (
			);
			dependencies = (
			);
			name = GaoDeMap;
			productName = GaoDeMap;
			productReference = DC64783B1B8DBD2D0031A5C9 /* GaoDeMap.app */;
			productType = "com.apple.product-type.application";
		};
		DC6478531B8DBD2D0031A5C9 /* GaoDeMapTests */ = {
			isa = PBXNativeTarget;
			buildConfigurationList = DC6478611B8DBD2D0031A5C9 /* Build configuration list for PBXNativeTarget "GaoDeMapTests" */;
			buildPhases = (
				DC6478501B8DBD2D0031A5C9 /* Sources */,
				DC6478511B8DBD2D0031A5C9 /* Frameworks */,
				DC6478521B8DBD2D0031A5C9 /* Resources */,
			);
			buildRules = (
			);
			dependencies = (
				DC6478561B8DBD2D0031A5C9 /* PBXTargetDependency */,
			);
			name = GaoDeMapTests;
			productName = GaoDeMapTests;
			productReference = DC6478541B8DBD2D0031A5C9 /* GaoDeMapTests.xctest */;
			productType = "com.apple.product-type.bundle.unit-test";
		};
/* End PBXNativeTarget section */

/* Begin PBXProject section */
		DC6478331B8DBD2C0031A5C9 /* Project object */ = {
			isa = PBXProject;
			attributes = {
				LastUpgradeCheck = 0640;
				ORGANIZATIONNAME = coder;
				TargetAttributes = {
					DC64783A1B8DBD2C0031A5C9 = {
						CreatedOnToolsVersion = 6.4;
					};
					DC6478531B8DBD2D0031A5C9 = {
						CreatedOnToolsVersion = 6.4;
						TestTargetID = DC64783A1B8DBD2C0031A5C9;
					};
				};
			};
			buildConfigurationList = DC6478361B8DBD2C0031A5C9 /* Build configuration list for PBXProject "GaoDeMap" */;
			compatibilityVersion = "Xcode 3.2";
			developmentRegion = English;
			hasScannedForEncodings = 0;
			knownRegions = (
				en,
				Base,
			);
			mainGroup = DC6478321B8DBD2C0031A5C9;
			productRefGroup = DC64783C1B8DBD2D0031A5C9 /* Products */;
			projectDirPath = "";
			projectRoot = "";
			targets = (
				DC64783A1B8DBD2C0031A5C9 /* GaoDeMap */,
				DC6478531B8DBD2D0031A5C9 /* GaoDeMapTests */,
			);
		};
/* End PBXProject section */

/* Begin PBXResourcesBuildPhase section */
		DC6478391B8DBD2C0031A5C9 /* Resources */ = {
			isa = PBXResourcesBuildPhase;
			buildActionMask = 2147483647;
			files = (
				DC64784A1B8DBD2D0031A5C9 /* Main.storyboard in Resources */,
				DC64788F1B8EC5450031A5C9 /* search-icon@2x.png in Resources */,
				DC64789A1B9404860031A5C9 /* Localizable.strings in Resources */,
				DC64784F1B8DBD2D0031A5C9 /* LaunchScreen.xib in Resources */,
				DC6478691B8DBF910031A5C9 /* AMap.bundle in Resources */,
				DC64784C1B8DBD2D0031A5C9 /* Images.xcassets in Resources */,
			);
			runOnlyForDeploymentPostprocessing = 0;
		};
		DC6478521B8DBD2D0031A5C9 /* Resources */ = {
			isa = PBXResourcesBuildPhase;
			buildActionMask = 2147483647;
			files = (
			);
			runOnlyForDeploymentPostprocessing = 0;
		};
/* End PBXResourcesBuildPhase section */

/* Begin PBXSourcesBuildPhase section */
		DC6478371B8DBD2C0031A5C9 /* Sources */ = {
			isa = PBXSourcesBuildPhase;
			buildActionMask = 2147483647;
			files = (
				DC64788D1B8EBAD50031A5C9 /* AroundPlacesViewController.m in Sources */,
				DC6478931B8EDEBD0031A5C9 /* UIColor+Util.m in Sources */,
				DC6478871B8EAEEC0031A5C9 /* MapAroundPlaceApi.m in Sources */,
				DC6478471B8DBD2D0031A5C9 /* ViewController.m in Sources */,
				DC6478441B8DBD2D0031A5C9 /* AppDelegate.m in Sources */,
				DC6478411B8DBD2D0031A5C9 /* main.m in Sources */,
			);
			runOnlyForDeploymentPostprocessing = 0;
		};
		DC6478501B8DBD2D0031A5C9 /* Sources */ = {
			isa = PBXSourcesBuildPhase;
			buildActionMask = 2147483647;
			files = (
				DC64785B1B8DBD2D0031A5C9 /* GaoDeMapTests.m in Sources */,
			);
			runOnlyForDeploymentPostprocessing = 0;
		};
/* End PBXSourcesBuildPhase section */

/* Begin PBXTargetDependency section */
		DC6478561B8DBD2D0031A5C9 /* PBXTargetDependency */ = {
			isa = PBXTargetDependency;
			target = DC64783A1B8DBD2C0031A5C9 /* GaoDeMap */;
			targetProxy = DC6478551B8DBD2D0031A5C9 /* PBXContainerItemProxy */;
		};
/* End PBXTargetDependency section */

/* Begin PBXVariantGroup section */
		DC6478481B8DBD2D0031A5C9 /* Main.storyboard */ = {
			isa = PBXVariantGroup;
			children = (
				DC6478491B8DBD2D0031A5C9 /* Base */,
			);
			name = Main.storyboard;
			sourceTree = "<group>";
		};
		DC64784D1B8DBD2D0031A5C9 /* LaunchScreen.xib */ = {
			isa = PBXVariantGroup;
			children = (
				DC64784E1B8DBD2D0031A5C9 /* Base */,
			);
			name = LaunchScreen.xib;
			sourceTree = "<group>";
		};
/* End PBXVariantGroup section */

/* Begin XCBuildConfiguration section */
		DC64785C1B8DBD2D0031A5C9 /* Debug */ = {
			isa = XCBuildConfiguration;
			buildSettings = {
				ALWAYS_SEARCH_USER_PATHS = NO;
				CLANG_CXX_LANGUAGE_STANDARD = "gnu++0x";
				CLANG_CXX_LIBRARY = "libc++";
				CLANG_ENABLE_MODULES = YES;
				CLANG_ENABLE_OBJC_ARC = YES;
				CLANG_WARN_BOOL_CONVERSION = YES;
				CLANG_WARN_CONSTANT_CONVERSION = YES;
				CLANG_WARN_DIRECT_OBJC_ISA_USAGE = YES_ERROR;
				CLANG_WARN_EMPTY_BODY = YES;
				CLANG_WARN_ENUM_CONVERSION = YES;
				CLANG_WARN_INT_CONVERSION = YES;
				CLANG_WARN_OBJC_ROOT_CLASS = YES_ERROR;
				CLANG_WARN_UNREACHABLE_CODE = YES;
				CLANG_WARN__DUPLICATE_METHOD_MATCH = YES;
				"CODE_SIGN_IDENTITY[sdk=iphoneos*]" = "iPhone Developer";
				COPY_PHASE_STRIP = NO;
				DEBUG_INFORMATION_FORMAT = "dwarf-with-dsym";
				ENABLE_STRICT_OBJC_MSGSEND = YES;
				GCC_C_LANGUAGE_STANDARD = gnu99;
				GCC_DYNAMIC_NO_PIC = NO;
				GCC_NO_COMMON_BLOCKS = YES;
				GCC_OPTIMIZATION_LEVEL = 0;
				GCC_PREPROCESSOR_DEFINITIONS = (
					"DEBUG=1",
					"$(inherited)",
				);
				GCC_SYMBOLS_PRIVATE_EXTERN = NO;
				GCC_WARN_64_TO_32_BIT_CONVERSION = YES;
				GCC_WARN_ABOUT_RETURN_TYPE = YES_ERROR;
				GCC_WARN_UNDECLARED_SELECTOR = YES;
				GCC_WARN_UNINITIALIZED_AUTOS = YES_AGGRESSIVE;
				GCC_WARN_UNUSED_FUNCTION = YES;
				GCC_WARN_UNUSED_VARIABLE = YES;
				IPHONEOS_DEPLOYMENT_TARGET = 8.4;
				MTL_ENABLE_DEBUG_INFO = YES;
				ONLY_ACTIVE_ARCH = YES;
				SDKROOT = iphoneos;
			};
			name = Debug;
		};
		DC64785D1B8DBD2D0031A5C9 /* Release */ = {
			isa = XCBuildConfiguration;
			buildSettings = {
				ALWAYS_SEARCH_USER_PATHS = NO;
				CLANG_CXX_LANGUAGE_STANDARD = "gnu++0x";
				CLANG_CXX_LIBRARY = "libc++";
				CLANG_ENABLE_MODULES = YES;
				CLANG_ENABLE_OBJC_ARC = YES;
				CLANG_WARN_BOOL_CONVERSION = YES;
				CLANG_WARN_CONSTANT_CONVERSION = YES;
				CLANG_WARN_DIRECT_OBJC_ISA_USAGE = YES_ERROR;
				CLANG_WARN_EMPTY_BODY = YES;
				CLANG_WARN_ENUM_CONVERSION = YES;
				CLANG_WARN_INT_CONVERSION = YES;
				CLANG_WARN_OBJC_ROOT_CLASS = YES_ERROR;
				CLANG_WARN_UNREACHABLE_CODE = YES;
				CLANG_WARN__DUPLICATE_METHOD_MATCH = YES;
				"CODE_SIGN_IDENTITY[sdk=iphoneos*]" = "iPhone Developer";
				COPY_PHASE_STRIP = NO;
				DEBUG_INFORMATION_FORMAT = "dwarf-with-dsym";
				ENABLE_NS_ASSERTIONS = NO;
				ENABLE_STRICT_OBJC_MSGSEND = YES;
				GCC_C_LANGUAGE_STANDARD = gnu99;
				GCC_NO_COMMON_BLOCKS = YES;
				GCC_WARN_64_TO_32_BIT_CONVERSION = YES;
				GCC_WARN_ABOUT_RETURN_TYPE = YES_ERROR;
				GCC_WARN_UNDECLARED_SELECTOR = YES;
				GCC_WARN_UNINITIALIZED_AUTOS = YES_AGGRESSIVE;
				GCC_WARN_UNUSED_FUNCTION = YES;
				GCC_WARN_UNUSED_VARIABLE = YES;
				IPHONEOS_DEPLOYMENT_TARGET = 8.4;
				MTL_ENABLE_DEBUG_INFO = NO;
				SDKROOT = iphoneos;
				VALIDATE_PRODUCT = YES;
			};
			name = Release;
		};
		DC64785F1B8DBD2D0031A5C9 /* Debug */ = {
			isa = XCBuildConfiguration;
			buildSettings = {
				ASSETCATALOG_COMPILER_APPICON_NAME = AppIcon;
				FRAMEWORK_SEARCH_PATHS = (
					"$(inherited)",
					/Users/coder/Downloads,
				);
				INFOPLIST_FILE = GaoDeMap/Info.plist;
				IPHONEOS_DEPLOYMENT_TARGET = 7.1;
				LD_RUNPATH_SEARCH_PATHS = "$(inherited) @executable_path/Frameworks";
				OTHER_LDFLAGS = "-ObjC";
				PRODUCT_NAME = "$(TARGET_NAME)";
			};
			name = Debug;
		};
		DC6478601B8DBD2D0031A5C9 /* Release */ = {
			isa = XCBuildConfiguration;
			buildSettings = {
				ASSETCATALOG_COMPILER_APPICON_NAME = AppIcon;
				FRAMEWORK_SEARCH_PATHS = (
					"$(inherited)",
					/Users/coder/Downloads,
				);
				INFOPLIST_FILE = GaoDeMap/Info.plist;
				IPHONEOS_DEPLOYMENT_TARGET = 7.1;
				LD_RUNPATH_SEARCH_PATHS = "$(inherited) @executable_path/Frameworks";
				OTHER_LDFLAGS = "-ObjC";
				PRODUCT_NAME = "$(TARGET_NAME)";
			};
			name = Release;
		};
		DC6478621B8DBD2D0031A5C9 /* Debug */ = {
			isa = XCBuildConfiguration;
			buildSettings = {
				BUNDLE_LOADER = "$(TEST_HOST)";
				FRAMEWORK_SEARCH_PATHS = (
					"$(SDKROOT)/Developer/Library/Frameworks",
					"$(inherited)",
				);
				GCC_PREPROCESSOR_DEFINITIONS = (
					"DEBUG=1",
					"$(inherited)",
				);
				INFOPLIST_FILE = GaoDeMapTests/Info.plist;
				LD_RUNPATH_SEARCH_PATHS = "$(inherited) @executable_path/Frameworks @loader_path/Frameworks";
				PRODUCT_NAME = "$(TARGET_NAME)";
				TEST_HOST = "$(BUILT_PRODUCTS_DIR)/GaoDeMap.app/GaoDeMap";
			};
			name = Debug;
		};
		DC6478631B8DBD2D0031A5C9 /* Release */ = {
			isa = XCBuildConfiguration;
			buildSettings = {
				BUNDLE_LOADER = "$(TEST_HOST)";
				FRAMEWORK_SEARCH_PATHS = (
					"$(SDKROOT)/Developer/Library/Frameworks",
					"$(inherited)",
				);
				INFOPLIST_FILE = GaoDeMapTests/Info.plist;
				LD_RUNPATH_SEARCH_PATHS = "$(inherited) @executable_path/Frameworks @loader_path/Frameworks";
				PRODUCT_NAME = "$(TARGET_NAME)";
				TEST_HOST = "$(BUILT_PRODUCTS_DIR)/GaoDeMap.app/GaoDeMap";
			};
			name = Release;
		};
/* End XCBuildConfiguration section */

/* Begin XCConfigurationList section */
		DC6478361B8DBD2C0031A5C9 /* Build configuration list for PBXProject "GaoDeMap" */ = {
			isa = XCConfigurationList;
			buildConfigurations = (
				DC64785C1B8DBD2D0031A5C9 /* Debug */,
				DC64785D1B8DBD2D0031A5C9 /* Release */,
			);
			defaultConfigurationIsVisible = 0;
			defaultConfigurationName = Release;
		};
		DC64785E1B8DBD2D0031A5C9 /* Build configuration list for PBXNativeTarget "GaoDeMap" */ = {
			isa = XCConfigurationList;
			buildConfigurations = (
				DC64785F1B8DBD2D0031A5C9 /* Debug */,
				DC6478601B8DBD2D0031A5C9 /* Release */,
			);
			defaultConfigurationIsVisible = 0;
			defaultConfigurationName = Release;
		};
		DC6478611B8DBD2D0031A5C9 /* Build configuration list for PBXNativeTarget "GaoDeMapTests" */ = {
			isa = XCConfigurationList;
			buildConfigurations = (
				DC6478621B8DBD2D0031A5C9 /* Debug */,
				DC6478631B8DBD2D0031A5C9 /* Release */,
			);
			defaultConfigurationIsVisible = 0;
			defaultConfigurationName = Release;
		};
/* End XCConfigurationList section */
	};
	rootObject = DC6478331B8DBD2C0031A5C9 /* Project object */;
}
